<?xml version="1.0" encoding="utf-8"?>
<Project ToolsVersion="4.0" xmlns="http://schemas.microsoft.com/developer/msbuild/2003">
  <ItemGroup>
    <Filter Include="源文件">
      <UniqueIdentifier>{4FC737F1-C7A5-4376-A066-2A32D752A2FF}</UniqueIdentifier>
      <Extensions>cpp;c;cc;cxx;def;odl;idl;hpj;bat;asm;asmx</Extensions>
    </Filter>
    <Filter Include="头文件">
      <UniqueIdentifier>{93995380-89BD-4b04-88EB-625FBE52EBFB}</UniqueIdentifier>
      <Extensions>h;hh;hpp;hxx;hm;inl;inc;ipp;xsd</Extensions>
    </Filter>
    <Filter Include="资源文件">
      <UniqueIdentifier>{67DA6AB6-F800-4c08-8B7A-83BB121AAD01}</UniqueIdentifier>
      <Extensions>rc;ico;cur;bmp;dlg;rc2;rct;bin;rgs;gif;jpg;jpeg;jpe;resx;tiff;tif;png;wav;mfcribbon-ms</Extensions>
    </Filter>
  </ItemGroup>
  <ItemGroup>
    <ClInclude Include="leetcode_771.h">
      <Filter>头文件</Filter>
    </ClInclude>
    <ClInclude Include="leetcode_1108.h">
      <Filter>头文件</Filter>
    </ClInclude>
    <ClInclude Include="leetcode_938.h">
      <Filter>头文件</Filter>
    </ClInclude>
    <ClInclude Include="leetcode_709.h">
      <Filter>头文件</Filter>
    </ClInclude>
    <ClInclude Include="leetcode_1021.h">
      <Filter>头文件</Filter>
    </ClInclude>
    <ClInclude Include="leetcode_804.h">
      <Filter>头文件</Filter>
    </ClInclude>
    <ClInclude Include="leetcode_832.h">
      <Filter>头文件</Filter>
    </ClInclude>
    <ClInclude Include="leetcode_905.h">
      <Filter>头文件</Filter>
    </ClInclude>
    <ClInclude Include="leetcode_977.h">
      <Filter>头文件</Filter>
    </ClInclude>
    <ClInclude Include="leetcode_657.h">
      <Filter>头文件</Filter>
    </ClInclude>
    <ClInclude Include="leetcode_728.h">
      <Filter>头文件</Filter>
    </ClInclude>
    <ClInclude Include="leetcode_617.h">
      <Filter>头文件</Filter>
    </ClInclude>
    <ClInclude Include="leetcode_461.h">
      <Filter>头文件</Filter>
    </ClInclude>
    <ClInclude Include="leetcode_852.h">
      <Filter>头文件</Filter>
    </ClInclude>
    <ClInclude Include="leetcode_942.h">
      <Filter>头文件</Filter>
    </ClInclude>
    <ClInclude Include="leetcode_561.h">
      <Filter>头文件</Filter>
    </ClInclude>
    <ClInclude Include="leetcode_933.h">
      <Filter>头文件</Filter>
    </ClInclude>
    <ClInclude Include="leetcode_929.h">
      <Filter>头文件</Filter>
    </ClInclude>
    <ClInclude Include="leetcode_700.h">
      <Filter>头文件</Filter>
    </ClInclude>
    <ClInclude Include="leetcode_1051.h">
      <Filter>头文件</Filter>
    </ClInclude>
    <ClInclude Include="leetcode_590.h">
      <Filter>头文件</Filter>
    </ClInclude>
    <ClInclude Include="leetcode_589.h">
      <Filter>头文件</Filter>
    </ClInclude>
    <ClInclude Include="leetcode_922.h">
      <Filter>头文件</Filter>
    </ClInclude>
    <ClInclude Include="leetcode_965.h">
      <Filter>头文件</Filter>
    </ClInclude>
    <ClInclude Include="leetcode_509.h">
      <Filter>头文件</Filter>
    </ClInclude>
    <ClInclude Include="leetcode_1122.h">
      <Filter>头文件</Filter>
    </ClInclude>
    <ClInclude Include="leetcode_944.h">
      <Filter>头文件</Filter>
    </ClInclude>
    <ClInclude Include="leetcode_961.h">
      <Filter>头文件</Filter>
    </ClInclude>
    <ClInclude Include="leetcode_811.h">
      <Filter>头文件</Filter>
    </ClInclude>
    <ClInclude Include="leetcode_559.h">
      <Filter>头文件</Filter>
    </ClInclude>
    <ClInclude Include="leetcode_999.h">
      <Filter>头文件</Filter>
    </ClInclude>
    <ClInclude Include="leetcode_883.h">
      <Filter>头文件</Filter>
    </ClInclude>
    <ClInclude Include="leetcode_897.h">
      <Filter>头文件</Filter>
    </ClInclude>
    <ClInclude Include="leetcode_1002.h">
      <Filter>头文件</Filter>
    </ClInclude>
    <ClInclude Include="leetcode_876.h">
      <Filter>头文件</Filter>
    </ClInclude>
    <ClInclude Include="leetcode_557.h">
      <Filter>头文件</Filter>
    </ClInclude>
    <ClInclude Include="leetcode_908.h">
      <Filter>头文件</Filter>
    </ClInclude>
    <ClInclude Include="leetcode_821.h">
      <Filter>头文件</Filter>
    </ClInclude>
    <ClInclude Include="leetcode_1295.h">
      <Filter>头文件</Filter>
    </ClInclude>
    <ClInclude Include="leetcode_1281.h">
      <Filter>头文件</Filter>
    </ClInclude>
    <ClInclude Include="leetcode_1290.h">
      <Filter>头文件</Filter>
    </ClInclude>
    <ClInclude Include="leetcode_1221.h">
      <Filter>头文件</Filter>
    </ClInclude>
    <ClInclude Include="leetcode_1266.h">
      <Filter>头文件</Filter>
    </ClInclude>
    <ClInclude Include="leetcode_1304.h">
      <Filter>头文件</Filter>
    </ClInclude>
    <ClInclude Include="leetcode_1252.h">
      <Filter>头文件</Filter>
    </ClInclude>
  </ItemGroup>
  <ItemGroup>
    <ClCompile Include="leetcode.cpp">
      <Filter>源文件</Filter>
    </ClCompile>
    <ClCompile Include="leetcode_1160.h">
      <Filter>头文件</Filter>
    </ClCompile>
  </ItemGroup>
</Project>