<?xml version="1.0" encoding="utf-8"?>
<Project ToolsVersion="4.0" xmlns="http://schemas.microsoft.com/developer/msbuild/2003">
  <ItemGroup>
    <Filter Include="源文件">
      <UniqueIdentifier>{4FC737F1-C7A5-4376-A066-2A32D752A2FF}</UniqueIdentifier>
      <Extensions>cpp;c;cc;cxx;def;odl;idl;hpj;bat;asm;asmx</Extensions>
    </Filter>
    <Filter Include="头文件">
      <UniqueIdentifier>{93995380-89BD-4b04-88EB-625FBE52EBFB}</UniqueIdentifier>
      <Extensions>h;hh;hpp;hxx;hm;inl;inc;ipp;xsd</Extensions>
    </Filter>
    <Filter Include="资源文件">
      <UniqueIdentifier>{67DA6AB6-F800-4c08-8B7A-83BB121AAD01}</UniqueIdentifier>
      <Extensions>rc;ico;cur;bmp;dlg;rc2;rct;bin;rgs;gif;jpg;jpeg;jpe;resx;tiff;tif;png;wav;mfcribbon-ms</Extensions>
    </Filter>
  </ItemGroup>
  <ItemGroup>
    <ClInclude Include="leetcode_771.h">
      <Filter>头文件</Filter>
    </ClInclude>
    <ClInclude Include="leetcode_1108.h">
      <Filter>头文件</Filter>
    </ClInclude>
    <ClInclude Include="leetcode_938.h">
      <Filter>头文件</Filter>
    </ClInclude>
    <ClInclude Include="leetcode_709.h">
      <Filter>头文件</Filter>
    </ClInclude>
    <ClInclude Include="leetcode_1021.h">
      <Filter>头文件</Filter>
    </ClInclude>
    <ClInclude Include="leetcode_804.h">
      <Filter>头文件</Filter>
    </ClInclude>
    <ClInclude Include="leetcode_832.h">
      <Filter>头文件</Filter>
    </ClInclude>
    <ClInclude Include="leetcode_905.h">
      <Filter>头文件</Filter>
    </ClInclude>
    <ClInclude Include="leetcode_977.h">
      <Filter>头文件</Filter>
    </ClInclude>
    <ClInclude Include="leetcode_657.h">
      <Filter>头文件</Filter>
    </ClInclude>
    <ClInclude Include="leetcode_728.h">
      <Filter>头文件</Filter>
    </ClInclude>
    <ClInclude Include="leetcode_617.h">
      <Filter>头文件</Filter>
    </ClInclude>
    <ClInclude Include="leetcode_461.h">
      <Filter>头文件</Filter>
    </ClInclude>
    <ClInclude Include="leetcode_852.h">
      <Filter>头文件</Filter>
    </ClInclude>
    <ClInclude Include="leetcode_942.h">
      <Filter>头文件</Filter>
    </ClInclude>
    <ClInclude Include="leetcode_561.h">
      <Filter>头文件</Filter>
    </ClInclude>
    <ClInclude Include="leetcode_933.h">
      <Filter>头文件</Filter>
    </ClInclude>
    <ClInclude Include="leetcode_929.h">
      <Filter>头文件</Filter>
    </ClInclude>
    <ClInclude Include="leetcode_700.h">
      <Filter>头文件</Filter>
    </ClInclude>
    <ClInclude Include="leetcode_1051.h">
      <Filter>头文件</Filter>
    </ClInclude>
    <ClInclude Include="leetcode_590.h">
      <Filter>头文件</Filter>
    </ClInclude>
    <ClInclude Include="leetcode_589.h">
      <Filter>头文件</Filter>
    </ClInclude>
    <ClInclude Include="leetcode_922.h">
      <Filter>头文件</Filter>
    </ClInclude>
    <ClInclude Include="leetcode_965.h">
      <Filter>头文件</Filter>
    </ClInclude>
    <ClInclude Include="leetcode_509.h">
      <Filter>头文件</Filter>
    </ClInclude>
    <ClInclude Include="leetcode_1122.h">
      <Filter>头文件</Filter>
    </ClInclude>
    <ClInclude Include="leetcode_944.h">
      <Filter>头文件</Filter>
    </ClInclude>
    <ClInclude Include="leetcode_961.h">
      <Filter>头文件</Filter>
    </ClInclude>
    <ClInclude Include="leetcode_811.h">
      <Filter>头文件</Filter>
    </ClInclude>
    <ClInclude Include="leetcode_559.h">
      <Filter>头文件</Filter>
    </ClInclude>
    <ClInclude Include="leetcode_999.h">
      <Filter>头文件</Filter>
    </ClInclude>
    <ClInclude Include="leetcode_883.h">
      <Filter>头文件</Filter>
    </ClInclude>
    <ClInclude Include="leetcode_897.h">
      <Filter>头文件</Filter>
    </ClInclude>
    <ClInclude Include="leetcode_1002.h">
      <Filter>头文件</Filter>
    </ClInclude>
    <ClInclude Include="leetcode_876.h">
      <Filter>头文件</Filter>
    </ClInclude>
    <ClInclude Include="leetcode_557.h">
      <Filter>头文件</Filter>
    </ClInclude>
    <ClInclude Include="leetcode_908.h">
      <Filter>头文件</Filter>
    </ClInclude>
    <ClInclude Include="leetcode_821.h">
      <Filter>头文件</Filter>
    </ClInclude>
    <ClInclude Include="leetcode_1295.h">
      <Filter>头文件</Filter>
    </ClInclude>
    <ClInclude Include="leetcode_1281.h">
      <Filter>头文件</Filter>
    </ClInclude>
    <ClInclude Include="leetcode_1290.h">
      <Filter>头文件</Filter>
    </ClInclude>
    <ClInclude Include="leetcode_1221.h">
      <Filter>头文件</Filter>
    </ClInclude>
    <ClInclude Include="leetcode_1266.h">
      <Filter>头文件</Filter>
    </ClInclude>
    <ClInclude Include="leetcode_1304.h">
      <Filter>头文件</Filter>
    </ClInclude>
    <ClInclude Include="leetcode_1252.h">
      <Filter>头文件</Filter>
    </ClInclude>
    <ClInclude Include="leetcode_1299.h">
      <Filter>头文件</Filter>
    </ClInclude>
    <ClInclude Include="leetcode_1207.h">
      <Filter>头文件</Filter>
    </ClInclude>
    <ClInclude Include="leetcode_1237.h">
      <Filter>头文件</Filter>
    </ClInclude>
    <ClInclude Include="leetcode_1200.h">
      <Filter>头文件</Filter>
    </ClInclude>
    <ClInclude Include="leetcode_1047.h">
      <Filter>头文件</Filter>
    </ClInclude>
    <ClInclude Include="leetcode_344.h">
      <Filter>头文件</Filter>
    </ClInclude>
    <ClInclude Include="leetcode_872.h">
      <Filter>头文件</Filter>
    </ClInclude>
    <ClInclude Include="leetcode_893.h">
      <Filter>头文件</Filter>
    </ClInclude>
    <ClInclude Include="leetcode_1030.h">
      <Filter>头文件</Filter>
    </ClInclude>
    <ClInclude Include="leetcode_620.h">
      <Filter>头文件</Filter>
    </ClInclude>
    <ClInclude Include="leetcode_1185.h">
      <Filter>头文件</Filter>
    </ClInclude>
    <ClInclude Include="leetcode_806.h">
      <Filter>头文件</Filter>
    </ClInclude>
    <ClInclude Include="leetcode_1217.h">
      <Filter>头文件</Filter>
    </ClInclude>
    <ClInclude Include="leetcode_867.h">
      <Filter>头文件</Filter>
    </ClInclude>
    <ClInclude Include="leetcode_1022.h">
      <Filter>头文件</Filter>
    </ClInclude>
    <ClInclude Include="TreeNode.h">
      <Filter>头文件</Filter>
    </ClInclude>
    <ClInclude Include="leetcode_104.h">
      <Filter>头文件</Filter>
    </ClInclude>
    <ClInclude Include="leetcode_500.h">
      <Filter>头文件</Filter>
    </ClInclude>
    <ClInclude Include="leetcode_1302.h">
      <Filter>头文件</Filter>
    </ClInclude>
    <ClInclude Include="leetcode_1282.h">
      <Filter>头文件</Filter>
    </ClInclude>
    <ClInclude Include="leetcode_807.h">
      <Filter>头文件</Filter>
    </ClInclude>
    <ClInclude Include="leetcode_1038.h">
      <Filter>头文件</Filter>
    </ClInclude>
    <ClInclude Include="leetcode_1315.h">
      <Filter>头文件</Filter>
    </ClInclude>
    <ClInclude Include="leetcode_535.h">
      <Filter>头文件</Filter>
    </ClInclude>
    <ClInclude Include="leetcode_701.h">
      <Filter>头文件</Filter>
    </ClInclude>
    <ClInclude Include="leetcode_654.h">
      <Filter>头文件</Filter>
    </ClInclude>
    <ClInclude Include="leetcode_1008.h">
      <Filter>头文件</Filter>
    </ClInclude>
    <ClInclude Include="leetcode_1078.h">
      <Filter>头文件</Filter>
    </ClInclude>
    <ClInclude Include="leetcode_1305.h">
      <Filter>头文件</Filter>
    </ClInclude>
    <ClInclude Include="leetcode_763.h">
      <Filter>头文件</Filter>
    </ClInclude>
    <ClInclude Include="leetcode_797.h">
      <Filter>头文件</Filter>
    </ClInclude>
    <ClInclude Include="leetcode_814.h">
      <Filter>头文件</Filter>
    </ClInclude>
    <ClInclude Include="leetcode_1261.h">
      <Filter>头文件</Filter>
    </ClInclude>
    <ClInclude Include="leetcode_890.h">
      <Filter>头文件</Filter>
    </ClInclude>
    <ClInclude Include="leetcode_894.h">
      <Filter>头文件</Filter>
    </ClInclude>
    <ClInclude Include="leetcode_1314.h">
      <Filter>头文件</Filter>
    </ClInclude>
    <ClInclude Include="leetcode_304.h">
      <Filter>头文件</Filter>
    </ClInclude>
    <ClInclude Include="leetcode_307.h">
      <Filter>头文件</Filter>
    </ClInclude>
    <ClInclude Include="leetcode_123.h">
      <Filter>头文件</Filter>
    </ClInclude>
    <ClInclude Include="leetcode_1.h">
      <Filter>头文件</Filter>
    </ClInclude>
    <ClInclude Include="leetcode_2.h">
      <Filter>头文件</Filter>
    </ClInclude>
    <ClInclude Include="leetcode_3.h">
      <Filter>头文件</Filter>
    </ClInclude>
    <ClInclude Include="leetcode_4.h">
      <Filter>头文件</Filter>
    </ClInclude>
    <ClInclude Include="leetcode_5.h">
      <Filter>头文件</Filter>
    </ClInclude>
    <ClInclude Include="leetcode_6.h">
      <Filter>头文件</Filter>
    </ClInclude>
    <ClInclude Include="leetcode_7.h">
      <Filter>头文件</Filter>
    </ClInclude>
    <ClInclude Include="leetcode_8.h">
      <Filter>头文件</Filter>
    </ClInclude>
    <ClInclude Include="leetcode_9.h">
      <Filter>头文件</Filter>
    </ClInclude>
    <ClInclude Include="leetcode_10.h">
      <Filter>头文件</Filter>
    </ClInclude>
    <ClInclude Include="leetcode_11.h">
      <Filter>头文件</Filter>
    </ClInclude>
    <ClInclude Include="leetcode_12.h">
      <Filter>头文件</Filter>
    </ClInclude>
    <ClInclude Include="leetcode_13.h">
      <Filter>头文件</Filter>
    </ClInclude>
    <ClInclude Include="leetcode_14.h">
      <Filter>头文件</Filter>
    </ClInclude>
    <ClInclude Include="leetcode_15.h">
      <Filter>头文件</Filter>
    </ClInclude>
    <ClInclude Include="leetcode_16.h">
      <Filter>头文件</Filter>
    </ClInclude>
    <ClInclude Include="leetcode_17.h">
      <Filter>头文件</Filter>
    </ClInclude>
    <ClInclude Include="leetcode_18.h">
      <Filter>头文件</Filter>
    </ClInclude>
    <ClInclude Include="leetcode_19.h">
      <Filter>头文件</Filter>
    </ClInclude>
    <ClInclude Include="leetcode_20.h">
      <Filter>头文件</Filter>
    </ClInclude>
    <ClInclude Include="leetcode_21.h">
      <Filter>头文件</Filter>
    </ClInclude>
    <ClInclude Include="leetcode_22.h">
      <Filter>头文件</Filter>
    </ClInclude>
    <ClInclude Include="leetcode_23.h">
      <Filter>头文件</Filter>
    </ClInclude>
    <ClInclude Include="leetcode_25.h">
      <Filter>头文件</Filter>
    </ClInclude>
    <ClInclude Include="leetcode_26.h">
      <Filter>头文件</Filter>
    </ClInclude>
    <ClInclude Include="leetcode_27.h">
      <Filter>头文件</Filter>
    </ClInclude>
    <ClInclude Include="leetcode_28.h">
      <Filter>头文件</Filter>
    </ClInclude>
    <ClInclude Include="leetcode_29.h">
      <Filter>头文件</Filter>
    </ClInclude>
    <ClInclude Include="leetcode_30.h">
      <Filter>头文件</Filter>
    </ClInclude>
    <ClInclude Include="leetcode_31.h">
      <Filter>头文件</Filter>
    </ClInclude>
    <ClInclude Include="leetcode_32.h">
      <Filter>头文件</Filter>
    </ClInclude>
    <ClInclude Include="leetcode_33.h">
      <Filter>头文件</Filter>
    </ClInclude>
    <ClInclude Include="leetcode_34.h">
      <Filter>头文件</Filter>
    </ClInclude>
    <ClInclude Include="leetcode_35.h">
      <Filter>头文件</Filter>
    </ClInclude>
    <ClInclude Include="leetcode_36.h">
      <Filter>头文件</Filter>
    </ClInclude>
    <ClInclude Include="leetcode_37.h">
      <Filter>头文件</Filter>
    </ClInclude>
    <ClInclude Include="leetcode_38.h">
      <Filter>头文件</Filter>
    </ClInclude>
    <ClInclude Include="leetcode_39.h">
      <Filter>头文件</Filter>
    </ClInclude>
    <ClInclude Include="leetcode_40.h">
      <Filter>头文件</Filter>
    </ClInclude>
    <ClInclude Include="leetcode_41.h">
      <Filter>头文件</Filter>
    </ClInclude>
    <ClInclude Include="leetcode_42.h">
      <Filter>头文件</Filter>
    </ClInclude>
    <ClInclude Include="leetcode_43.h">
      <Filter>头文件</Filter>
    </ClInclude>
    <ClInclude Include="leetcode_44.h">
      <Filter>头文件</Filter>
    </ClInclude>
    <ClInclude Include="leetcode_45.h">
      <Filter>头文件</Filter>
    </ClInclude>
    <ClInclude Include="leetcode_46.h">
      <Filter>头文件</Filter>
    </ClInclude>
    <ClInclude Include="leetcode_47.h">
      <Filter>头文件</Filter>
    </ClInclude>
    <ClInclude Include="leetcode_48.h">
      <Filter>头文件</Filter>
    </ClInclude>
    <ClInclude Include="leetcode_49.h">
      <Filter>头文件</Filter>
    </ClInclude>
    <ClInclude Include="leetcode_50.h">
      <Filter>头文件</Filter>
    </ClInclude>
    <ClInclude Include="leetcode_51.h">
      <Filter>头文件</Filter>
    </ClInclude>
    <ClInclude Include="leetcode_52.h">
      <Filter>头文件</Filter>
    </ClInclude>
    <ClInclude Include="leetcode_53.h">
      <Filter>头文件</Filter>
    </ClInclude>
    <ClInclude Include="leetcode_54.h">
      <Filter>头文件</Filter>
    </ClInclude>
    <ClInclude Include="leetcode_55.h">
      <Filter>头文件</Filter>
    </ClInclude>
    <ClInclude Include="leetcode_56.h">
      <Filter>头文件</Filter>
    </ClInclude>
    <ClInclude Include="leetcode_57.h">
      <Filter>头文件</Filter>
    </ClInclude>
    <ClInclude Include="leetcode_58.h">
      <Filter>头文件</Filter>
    </ClInclude>
    <ClInclude Include="leetcode_59.h">
      <Filter>头文件</Filter>
    </ClInclude>
    <ClInclude Include="leetcode_60.h">
      <Filter>头文件</Filter>
    </ClInclude>
    <ClInclude Include="leetcode_61.h">
      <Filter>头文件</Filter>
    </ClInclude>
    <ClInclude Include="leetcode_62.h">
      <Filter>头文件</Filter>
    </ClInclude>
    <ClInclude Include="leetcode_63.h">
      <Filter>头文件</Filter>
    </ClInclude>
    <ClInclude Include="leetcode_64.h">
      <Filter>头文件</Filter>
    </ClInclude>
    <ClInclude Include="leetcode_65.h">
      <Filter>头文件</Filter>
    </ClInclude>
    <ClInclude Include="leetcode_66.h">
      <Filter>头文件</Filter>
    </ClInclude>
    <ClInclude Include="leetcode_67.h">
      <Filter>头文件</Filter>
    </ClInclude>
    <ClInclude Include="leetcode_68.h">
      <Filter>头文件</Filter>
    </ClInclude>
    <ClInclude Include="leetcode_69.h">
      <Filter>头文件</Filter>
    </ClInclude>
    <ClInclude Include="leetcode_70.h">
      <Filter>头文件</Filter>
    </ClInclude>
    <ClInclude Include="leetcode_71.h">
      <Filter>头文件</Filter>
    </ClInclude>
    <ClInclude Include="leetcode_72.h">
      <Filter>头文件</Filter>
    </ClInclude>
    <ClInclude Include="leetcode_73.h">
      <Filter>头文件</Filter>
    </ClInclude>
    <ClInclude Include="leetcode_74.h">
      <Filter>头文件</Filter>
    </ClInclude>
    <ClInclude Include="leetcode_75.h">
      <Filter>头文件</Filter>
    </ClInclude>
    <ClInclude Include="leetcode_76.h">
      <Filter>头文件</Filter>
    </ClInclude>
    <ClInclude Include="leetcode_77.h">
      <Filter>头文件</Filter>
    </ClInclude>
    <ClInclude Include="leetcode_78.h">
      <Filter>头文件</Filter>
    </ClInclude>
    <ClInclude Include="leetcode_79.h">
      <Filter>头文件</Filter>
    </ClInclude>
    <ClInclude Include="leetcode_80.h">
      <Filter>头文件</Filter>
    </ClInclude>
    <ClInclude Include="leetcode_81.h">
      <Filter>头文件</Filter>
    </ClInclude>
    <ClInclude Include="leetcode_82.h">
      <Filter>头文件</Filter>
    </ClInclude>
    <ClInclude Include="leetcode_83.h">
      <Filter>头文件</Filter>
    </ClInclude>
    <ClInclude Include="leetcode_84.h">
      <Filter>头文件</Filter>
    </ClInclude>
    <ClInclude Include="leetcode_85.h">
      <Filter>头文件</Filter>
    </ClInclude>
    <ClInclude Include="leetcode_86.h">
      <Filter>头文件</Filter>
    </ClInclude>
    <ClInclude Include="leetcode_87.h">
      <Filter>头文件</Filter>
    </ClInclude>
    <ClInclude Include="leetcode_88.h">
      <Filter>头文件</Filter>
    </ClInclude>
    <ClInclude Include="leetcode_89.h">
      <Filter>头文件</Filter>
    </ClInclude>
    <ClInclude Include="leetcode_90.h">
      <Filter>头文件</Filter>
    </ClInclude>
    <ClInclude Include="leetcode_91.h">
      <Filter>头文件</Filter>
    </ClInclude>
    <ClInclude Include="leetcode_92.h">
      <Filter>头文件</Filter>
    </ClInclude>
    <ClInclude Include="leetcode_93.h">
      <Filter>头文件</Filter>
    </ClInclude>
    <ClInclude Include="leetcode_94.h">
      <Filter>头文件</Filter>
    </ClInclude>
    <ClInclude Include="leetcode_95.h">
      <Filter>头文件</Filter>
    </ClInclude>
    <ClInclude Include="leetcode_96.h">
      <Filter>头文件</Filter>
    </ClInclude>
    <ClInclude Include="leetcode_97.h">
      <Filter>头文件</Filter>
    </ClInclude>
    <ClInclude Include="leetcode_98.h">
      <Filter>头文件</Filter>
    </ClInclude>
    <ClInclude Include="leetcode_99.h">
      <Filter>头文件</Filter>
    </ClInclude>
    <ClInclude Include="leetcode_105.h">
      <Filter>头文件</Filter>
    </ClInclude>
    <ClInclude Include="leetcode_106.h">
      <Filter>头文件</Filter>
    </ClInclude>
    <ClInclude Include="leetcode_107.h">
      <Filter>头文件</Filter>
    </ClInclude>
    <ClInclude Include="leetcode_108.h">
      <Filter>头文件</Filter>
    </ClInclude>
    <ClInclude Include="leetcode_109.h">
      <Filter>头文件</Filter>
    </ClInclude>
    <ClInclude Include="leetcode_110.h">
      <Filter>头文件</Filter>
    </ClInclude>
    <ClInclude Include="leetcode_111.h">
      <Filter>头文件</Filter>
    </ClInclude>
    <ClInclude Include="leetcode_112.h">
      <Filter>头文件</Filter>
    </ClInclude>
    <ClInclude Include="leetcode_113.h">
      <Filter>头文件</Filter>
    </ClInclude>
    <ClInclude Include="leetcode_114.h">
      <Filter>头文件</Filter>
    </ClInclude>
    <ClInclude Include="leetcode_115.h">
      <Filter>头文件</Filter>
    </ClInclude>
    <ClInclude Include="leetcode_116.h">
      <Filter>头文件</Filter>
    </ClInclude>
    <ClInclude Include="leetcode_117.h">
      <Filter>头文件</Filter>
    </ClInclude>
    <ClInclude Include="leetcode_118.h">
      <Filter>头文件</Filter>
    </ClInclude>
    <ClInclude Include="leetcode_119.h">
      <Filter>头文件</Filter>
    </ClInclude>
    <ClInclude Include="leetcode_121.h">
      <Filter>头文件</Filter>
    </ClInclude>
    <ClInclude Include="leetcode_122.h">
      <Filter>头文件</Filter>
    </ClInclude>
    <ClInclude Include="leetcode_1313.h">
      <Filter>头文件</Filter>
    </ClInclude>
    <ClInclude Include="leetcode_766.h">
      <Filter>头文件</Filter>
    </ClInclude>
    <ClInclude Include="leetcode_985.h">
      <Filter>头文件</Filter>
    </ClInclude>
    <ClInclude Include="leetcode_1287.h">
      <Filter>头文件</Filter>
    </ClInclude>
    <ClInclude Include="leetcode_1260.h">
      <Filter>头文件</Filter>
    </ClInclude>
    <ClInclude Include="leetcode_566.h">
      <Filter>头文件</Filter>
    </ClInclude>
    <ClInclude Include="leetcode_1089.h">
      <Filter>头文件</Filter>
    </ClInclude>
    <ClInclude Include="leetcode_1170.h">
      <Filter>头文件</Filter>
    </ClInclude>
    <ClInclude Include="leetcode_888.h">
      <Filter>头文件</Filter>
    </ClInclude>
    <ClInclude Include="leetcode_1013.h">
      <Filter>头文件</Filter>
    </ClInclude>
    <ClInclude Include="leetcode_896.h">
      <Filter>头文件</Filter>
    </ClInclude>
    <ClInclude Include="leetcode_283.h">
      <Filter>头文件</Filter>
    </ClInclude>
    <ClInclude Include="leetcode_485.h">
      <Filter>头文件</Filter>
    </ClInclude>
    <ClInclude Include="leetcode_169.h">
      <Filter>头文件</Filter>
    </ClInclude>
    <ClInclude Include="leetcode_1184.h">
      <Filter>头文件</Filter>
    </ClInclude>
    <ClInclude Include="leetcode_448.h">
      <Filter>头文件</Filter>
    </ClInclude>
    <ClInclude Include="leetcode_217.h">
      <Filter>头文件</Filter>
    </ClInclude>
    <ClInclude Include="leetcode_1275.h">
      <Filter>头文件</Filter>
    </ClInclude>
    <ClInclude Include="leetcode_697.h">
      <Filter>头文件</Filter>
    </ClInclude>
    <ClInclude Include="leetcode_661.h">
      <Filter>头文件</Filter>
    </ClInclude>
    <ClInclude Include="leetcode_268.h">
      <Filter>头文件</Filter>
    </ClInclude>
    <ClInclude Include="leetcode_717.h">
      <Filter>头文件</Filter>
    </ClInclude>
    <ClInclude Include="leetcode_830.h">
      <Filter>头文件</Filter>
    </ClInclude>
    <ClInclude Include="leetcode_628.h">
      <Filter>头文件</Filter>
    </ClInclude>
    <ClInclude Include="leetcode_1232.h">
      <Filter>头文件</Filter>
    </ClInclude>
    <ClInclude Include="leetcode_1018.h">
      <Filter>头文件</Filter>
    </ClInclude>
    <ClInclude Include="leetcode_1010.h">
      <Filter>头文件</Filter>
    </ClInclude>
    <ClInclude Include="leetcode_test.h">
      <Filter>头文件</Filter>
    </ClInclude>
    <ClInclude Include="leetcode_1128.h">
      <Filter>头文件</Filter>
    </ClInclude>
    <ClInclude Include="leetcode_674.h">
      <Filter>头文件</Filter>
    </ClInclude>
    <ClInclude Include="leetcode_989.h">
      <Filter>头文件</Filter>
    </ClInclude>
    <ClInclude Include="leetcode_724.h">
      <Filter>头文件</Filter>
    </ClInclude>
    <ClInclude Include="leetcode_849.h">
      <Filter>头文件</Filter>
    </ClInclude>
    <ClInclude Include="leetcode_747.h">
      <Filter>头文件</Filter>
    </ClInclude>
    <ClInclude Include="leetcode_643.h">
      <Filter>头文件</Filter>
    </ClInclude>
    <ClInclude Include="leetcode_1323.h">
      <Filter>头文件</Filter>
    </ClInclude>
    <ClInclude Include="leetcode_1324.h">
      <Filter>头文件</Filter>
    </ClInclude>
    <ClInclude Include="leetcode_1325.h">
      <Filter>头文件</Filter>
    </ClInclude>
    <ClInclude Include="leetcode_219.h">
      <Filter>头文件</Filter>
    </ClInclude>
    <ClInclude Include="leetcode_840.h">
      <Filter>头文件</Filter>
    </ClInclude>
    <ClInclude Include="leetcode_1328.h">
      <Filter>头文件</Filter>
    </ClInclude>
    <ClInclude Include="leetcode_1329.h">
      <Filter>头文件</Filter>
    </ClInclude>
    <ClInclude Include="leetcode_1330.h">
      <Filter>头文件</Filter>
    </ClInclude>
    <ClInclude Include="leetcode_1331.h">
      <Filter>头文件</Filter>
    </ClInclude>
    <ClInclude Include="leetcode_1332.h">
      <Filter>头文件</Filter>
    </ClInclude>
    <ClInclude Include="leetcode_1333.h">
      <Filter>头文件</Filter>
    </ClInclude>
    <ClInclude Include="leetcode_1334.h">
      <Filter>头文件</Filter>
    </ClInclude>
    <ClInclude Include="leetcode_1335.h">
      <Filter>头文件</Filter>
    </ClInclude>
    <ClInclude Include="leetcode_1309.h">
      <Filter>头文件</Filter>
    </ClInclude>
    <ClInclude Include="leetcode_1277.h">
      <Filter>头文件</Filter>
    </ClInclude>
    <ClInclude Include="leetcode_941.h">
      <Filter>头文件</Filter>
    </ClInclude>
    <ClInclude Include="leetcode_914.h">
      <Filter>头文件</Filter>
    </ClInclude>
    <ClInclude Include="leetcode_605.h">
      <Filter>头文件</Filter>
    </ClInclude>
    <ClInclude Include="leetcode_532.h">
      <Filter>头文件</Filter>
    </ClInclude>
    <ClInclude Include="leetcode_581.h">
      <Filter>头文件</Filter>
    </ClInclude>
    <ClInclude Include="leetcode_414.h">
      <Filter>头文件</Filter>
    </ClInclude>
    <ClInclude Include="leetcode_665.h">
      <Filter>头文件</Filter>
    </ClInclude>
    <ClInclude Include="leetcode_1222.h">
      <Filter>头文件</Filter>
    </ClInclude>
    <ClInclude Include="leetcode_hash.h">
      <Filter>头文件</Filter>
    </ClInclude>
    <ClInclude Include="ListNode.h">
      <Filter>头文件</Filter>
    </ClInclude>
    <ClInclude Include="leetcode_pragma.h">
      <Filter>头文件</Filter>
    </ClInclude>
    <ClInclude Include="leetcode_macro.h">
      <Filter>头文件</Filter>
    </ClInclude>
    <ClInclude Include="leetcode_24.h">
      <Filter>头文件</Filter>
    </ClInclude>
    <ClInclude Include="leetcode_helper.hpp">
      <Filter>头文件</Filter>
    </ClInclude>
    <ClInclude Include="leetcode_669.h">
      <Filter>头文件</Filter>
    </ClInclude>
  </ItemGroup>
  <ItemGroup>
    <ClCompile Include="leetcode.cpp">
      <Filter>源文件</Filter>
    </ClCompile>
    <ClCompile Include="leetcode_1160.h">
      <Filter>头文件</Filter>
    </ClCompile>
  </ItemGroup>
</Project>